
Microsoft Visual Studio Solution File, Format Version 12.00
# Visual Studio Version 17
VisualStudioVersion = 17.5.33516.290
MinimumVisualStudioVersion = 10.0.40219.1
Project("{FAE04EC0-301F-11D3-BF4B-00C04F79EFBC}") = "Ex1", "Ex1\Ex1.csproj", "{9FBAC4A3-A77B-49A3-90A1-946D5747CC51}"
EndProject
Global
	GlobalSection(SolutionConfigurationPlatforms) = preSolution
		Debug|Any CPU = Debug|Any CPU
		Release|Any CPU = Release|Any CPU
	EndGlobalSection
	GlobalSection(ProjectConfigurationPlatforms) = postSolution
		{9FBAC4A3-A77B-49A3-90A1-946D5747CC51}.Debug|Any CPU.ActiveCfg = Debug|Any CPU
		{9FBAC4A3-A77B-49A3-90A1-946D5747CC51}.Debug|Any CPU.Build.0 = Debug|Any CPU
		{9FBAC4A3-A77B-49A3-90A1-946D5747CC51}.Release|Any CPU.ActiveCfg = Release|Any CPU
		{9FBAC4A3-A77B-49A3-90A1-946D5747CC51}.Release|Any CPU.Build.0 = Release|Any CPU
	EndGlobalSection
	GlobalSection(SolutionProperties) = preSolution
		HideSolutionNode = FALSE
	EndGlobalSection
	GlobalSection(ExtensibilityGlobals) = postSolution
		SolutionGuid = {3466112C-5B65-48B9-817B-28C2EE0E4550}
	EndGlobalSection
EndGlobal
